<?xml version="1.0" encoding="utf-8"?>
<Project ToolsVersion="4.0" xmlns="http://schemas.microsoft.com/developer/msbuild/2003">
  <ItemGroup>
    <ClInclude Include="filetype.h" />
    <ClInclude Include="resource.h" />
    <ClInclude Include="file\msvc\config.h">
      <Filter>file\msvc</Filter>
    </ClInclude>
    <ClInclude Include="file\msvc\dirent.h">
      <Filter>file\msvc</Filter>
    </ClInclude>
    <ClInclude Include="file\msvc\err.h">
      <Filter>file\msvc</Filter>
    </ClInclude>
    <ClInclude Include="file\msvc\regex.h">
      <Filter>file\msvc</Filter>
    </ClInclude>
    <ClInclude Include="file\msvc\unistd.h">
      <Filter>file\msvc</Filter>
    </ClInclude>
    <ClInclude Include="file\src\cdf.h">
      <Filter>file\src</Filter>
    </ClInclude>
    <ClInclude Include="file\src\der.h">
      <Filter>file\src</Filter>
    </ClInclude>
    <ClInclude Include="file\src\elfclass.h">
      <Filter>file\src</Filter>
    </ClInclude>
    <ClInclude Include="file\src\file.h">
      <Filter>file\src</Filter>
    </ClInclude>
    <ClInclude Include="file\src\file_opts.h">
      <Filter>file\src</Filter>
    </ClInclude>
    <ClInclude Include="file\src\tar.h">
      <Filter>file\src</Filter>
    </ClInclude>
    <ClInclude Include="file\src\readelf.h">
      <Filter>file\src</Filter>
    </ClInclude>
    <ClInclude Include="file\src\swap.h">
      <Filter>file\src</Filter>
    </ClInclude>
    <ClInclude Include="file\src\mygetopt.h">
      <Filter>file\src</Filter>
    </ClInclude>
    <ClInclude Include="file\src\magic.h">
      <Filter>file\src</Filter>
    </ClInclude>
    <ClInclude Include="zstd\zstd.h">
      <Filter>zstd</Filter>
    </ClInclude>
    <ClInclude Include="zstd\zstd_errors.h">
      <Filter>zstd</Filter>
    </ClInclude>
    <ClInclude Include="zstd\common\allocations.h">
      <Filter>zstd\common</Filter>
    </ClInclude>
    <ClInclude Include="zstd\common\bits.h">
      <Filter>zstd\common</Filter>
    </ClInclude>
    <ClInclude Include="zstd\common\bitstream.h">
      <Filter>zstd\common</Filter>
    </ClInclude>
    <ClInclude Include="zstd\common\compiler.h">
      <Filter>zstd\common</Filter>
    </ClInclude>
    <ClInclude Include="zstd\common\cpu.h">
      <Filter>zstd\common</Filter>
    </ClInclude>
    <ClInclude Include="zstd\common\debug.h">
      <Filter>zstd\common</Filter>
    </ClInclude>
    <ClInclude Include="zstd\common\error_private.h">
      <Filter>zstd\common</Filter>
    </ClInclude>
    <ClInclude Include="zstd\common\fse.h">
      <Filter>zstd\common</Filter>
    </ClInclude>
    <ClInclude Include="zstd\common\huf.h">
      <Filter>zstd\common</Filter>
    </ClInclude>
    <ClInclude Include="zstd\common\mem.h">
      <Filter>zstd\common</Filter>
    </ClInclude>
    <ClInclude Include="zstd\common\portability_macros.h">
      <Filter>zstd\common</Filter>
    </ClInclude>
    <ClInclude Include="zstd\common\xxhash.h">
      <Filter>zstd\common</Filter>
    </ClInclude>
    <ClInclude Include="zstd\common\zstd_deps.h">
      <Filter>zstd\common</Filter>
    </ClInclude>
    <ClInclude Include="zstd\common\zstd_internal.h">
      <Filter>zstd\common</Filter>
    </ClInclude>
    <ClInclude Include="zstd\common\zstd_trace.h">
      <Filter>zstd\common</Filter>
    </ClInclude>
    <ClInclude Include="zstd\decompress\zstd_ddict.h">
      <Filter>zstd\decompress</Filter>
    </ClInclude>
    <ClInclude Include="zstd\decompress\zstd_decompress_block.h">
      <Filter>zstd\decompress</Filter>
    </ClInclude>
    <ClInclude Include="zstd\decompress\zstd_decompress_internal.h">
      <Filter>zstd\decompress</Filter>
    </ClInclude>
  </ItemGroup>
  <ItemGroup>
    <ClCompile Include="filetype.c" />
    <ClCompile Include="file\msvc\libmagic_shim.c">
      <Filter>file\msvc</Filter>
    </ClCompile>
    <ClCompile Include="file\msvc\regex.cpp">
      <Filter>file\msvc</Filter>
    </ClCompile>
    <ClCompile Include="file\src\apprentice.c">
      <Filter>file\src</Filter>
    </ClCompile>
    <ClCompile Include="file\src\apptype.c">
      <Filter>file\src</Filter>
    </ClCompile>
    <ClCompile Include="file\src\ascmagic.c">
      <Filter>file\src</Filter>
    </ClCompile>
    <ClCompile Include="file\src\buffer.c">
      <Filter>file\src</Filter>
    </ClCompile>
    <ClCompile Include="file\src\cdf.c">
      <Filter>file\src</Filter>
    </ClCompile>
    <ClCompile Include="file\src\cdf_time.c">
      <Filter>file\src</Filter>
    </ClCompile>
    <ClCompile Include="file\src\compress.c">
      <Filter>file\src</Filter>
    </ClCompile>
    <ClCompile Include="file\src\der.c">
      <Filter>file\src</Filter>
    </ClCompile>
    <ClCompile Include="file\src\encoding.c">
      <Filter>file\src</Filter>
    </ClCompile>
    <ClCompile Include="file\src\fsmagic.c">
      <Filter>file\src</Filter>
    </ClCompile>
    <ClCompile Include="file\src\funcs.c">
      <Filter>file\src</Filter>
    </ClCompile>
    <ClCompile Include="file\src\is_csv.c">
      <Filter>file\src</Filter>
    </ClCompile>
    <ClCompile Include="file\src\is_json.c">
      <Filter>file\src</Filter>
    </ClCompile>
    <ClCompile Include="file\src\is_simh.c">
      <Filter>file\src</Filter>
    </ClCompile>
    <ClCompile Include="file\src\is_tar.c">
      <Filter>file\src</Filter>
    </ClCompile>
    <ClCompile Include="file\src\print.c">
      <Filter>file\src</Filter>
    </ClCompile>
    <ClCompile Include="file\src\readcdf.c">
      <Filter>file\src</Filter>
    </ClCompile>
    <ClCompile Include="file\src\readelf.c">
      <Filter>file\src</Filter>
    </ClCompile>
    <ClCompile Include="file\src\softmagic.c">
      <Filter>file\src</Filter>
    </ClCompile>
    <ClCompile Include="file\src\swap.c">
      <Filter>file\src</Filter>
    </ClCompile>
    <ClCompile Include="file\src\magic.c">
      <Filter>file\src</Filter>
    </ClCompile>
    <ClCompile Include="zstd\common\debug.c">
      <Filter>zstd\common</Filter>
    </ClCompile>
    <ClCompile Include="zstd\common\entropy_common.c">
      <Filter>zstd\common</Filter>
    </ClCompile>
    <ClCompile Include="zstd\common\error_private.c">
      <Filter>zstd\common</Filter>
    </ClCompile>
    <ClCompile Include="zstd\common\fse_decompress.c">
      <Filter>zstd\common</Filter>
    </ClCompile>
    <ClCompile Include="zstd\common\xxhash.c">
      <Filter>zstd\common</Filter>
    </ClCompile>
    <ClCompile Include="zstd\common\zstd_common.c">
      <Filter>zstd\common</Filter>
    </ClCompile>
    <ClCompile Include="zstd\decompress\huf_decompress.c">
      <Filter>zstd\decompress</Filter>
    </ClCompile>
    <ClCompile Include="zstd\decompress\zstd_ddict.c">
      <Filter>zstd\decompress</Filter>
    </ClCompile>
    <ClCompile Include="zstd\decompress\zstd_decompress.c">
      <Filter>zstd\decompress</Filter>
    </ClCompile>
    <ClCompile Include="zstd\decompress\zstd_decompress_block.c">
      <Filter>zstd\decompress</Filter>
    </ClCompile>
  </ItemGroup>
  <ItemGroup>
    <None Include="packages.config" />
    <None Include="magic\magic">
      <Filter>magic</Filter>
    </None>
    <None Include="file\COPYING">
      <Filter>file</Filter>
    </None>
    <None Include="file\README.md">
      <Filter>file</Filter>
    </None>
    <None Include="magic\magic.zst">
      <Filter>magic</Filter>
    </None>
    <None Include="zstd\LICENSE">
      <Filter>zstd</Filter>
    </None>
  </ItemGroup>
  <ItemGroup>
    <Filter Include="file">
      <UniqueIdentifier>{d338be74-c2ab-43b3-bff3-15bcdcd19876}</UniqueIdentifier>
    </Filter>
    <Filter Include="magic">
      <UniqueIdentifier>{5e80428f-0712-479e-878a-ee04ad282104}</UniqueIdentifier>
    </Filter>
    <Filter Include="file\msvc">
      <UniqueIdentifier>{733d2217-32fb-4bcb-9375-6300c8fb8e7e}</UniqueIdentifier>
    </Filter>
    <Filter Include="file\src">
      <UniqueIdentifier>{ca5e8bfd-574a-42fc-a346-7e0a174a596a}</UniqueIdentifier>
    </Filter>
    <Filter Include="zstd">
      <UniqueIdentifier>{0252edaf-6b27-4c35-9c54-e6974a53dff9}</UniqueIdentifier>
    </Filter>
    <Filter Include="zstd\common">
      <UniqueIdentifier>{15ba2d03-de57-4797-823e-f1911201e2c7}</UniqueIdentifier>
    </Filter>
    <Filter Include="zstd\decompress">
      <UniqueIdentifier>{76e45162-34b2-436c-9857-54c6002052fb}</UniqueIdentifier>
    </Filter>
  </ItemGroup>
</Project>